
Microsoft Visual Studio Solution File, Format Version 12.00
# Visual Studio 2013
VisualStudioVersion = 12.0.30501.0
MinimumVisualStudioVersion = 10.0.40219.1
Project("{FAE04EC0-301F-11D3-BF4B-00C04F79EFBC}") = "Module_Classes", "OOP\Module_Classes.csproj", "{18602C31-CA1A-47A5-80E9-4F43A3F0D590}"
EndProject
Project("{FAE04EC0-301F-11D3-BF4B-00C04F79EFBC}") = "Module_05", "Module_05\Module_05.csproj", "{543B11B7-9137-44FC-B237-3AAC084E54E8}"
EndProject
Project("{FAE04EC0-301F-11D3-BF4B-00C04F79EFBC}") = "Module_06", "Module_06\Module_06.csproj", "{5BB8CB03-B765-47B5-BE2D-3FCA10D8950C}"
EndProject
Global
	GlobalSection(SolutionConfigurationPlatforms) = preSolution
		Debug|Any CPU = Debug|Any CPU
		Release|Any CPU = Release|Any CPU
	EndGlobalSection
	GlobalSection(ProjectConfigurationPlatforms) = postSolution
		{18602C31-CA1A-47A5-80E9-4F43A3F0D590}.Debug|Any CPU.ActiveCfg = Debug|Any CPU
		{18602C31-CA1A-47A5-80E9-4F43A3F0D590}.Debug|Any CPU.Build.0 = Debug|Any CPU
		{18602C31-CA1A-47A5-80E9-4F43A3F0D590}.Release|Any CPU.ActiveCfg = Release|Any CPU
		{18602C31-CA1A-47A5-80E9-4F43A3F0D590}.Release|Any CPU.Build.0 = Release|Any CPU
		{543B11B7-9137-44FC-B237-3AAC084E54E8}.Debug|Any CPU.ActiveCfg = Debug|Any CPU
		{543B11B7-9137-44FC-B237-3AAC084E54E8}.Debug|Any CPU.Build.0 = Debug|Any CPU
		{543B11B7-9137-44FC-B237-3AAC084E54E8}.Release|Any CPU.ActiveCfg = Release|Any CPU
		{543B11B7-9137-44FC-B237-3AAC084E54E8}.Release|Any CPU.Build.0 = Release|Any CPU
		{5BB8CB03-B765-47B5-BE2D-3FCA10D8950C}.Debug|Any CPU.ActiveCfg = Debug|Any CPU
		{5BB8CB03-B765-47B5-BE2D-3FCA10D8950C}.Debug|Any CPU.Build.0 = Debug|Any CPU
		{5BB8CB03-B765-47B5-BE2D-3FCA10D8950C}.Release|Any CPU.ActiveCfg = Release|Any CPU
		{5BB8CB03-B765-47B5-BE2D-3FCA10D8950C}.Release|Any CPU.Build.0 = Release|Any CPU
	EndGlobalSection
	GlobalSection(SolutionProperties) = preSolution
		HideSolutionNode = FALSE
	EndGlobalSection
EndGlobal
