
Microsoft Visual Studio Solution File, Format Version 12.00
# Visual Studio 2013
VisualStudioVersion = 12.0.30501.0
MinimumVisualStudioVersion = 10.0.40219.1
Project("{FAE04EC0-301F-11D3-BF4B-00C04F79EFBC}") = "module_01_challenge", "module_01_challenge\module_01_challenge.csproj", "{E7B1C95C-4930-4BE6-9887-562EC01CB38F}"
EndProject
Global
	GlobalSection(SolutionConfigurationPlatforms) = preSolution
		Debug|Any CPU = Debug|Any CPU
		Release|Any CPU = Release|Any CPU
	EndGlobalSection
	GlobalSection(ProjectConfigurationPlatforms) = postSolution
		{E7B1C95C-4930-4BE6-9887-562EC01CB38F}.Debug|Any CPU.ActiveCfg = Debug|Any CPU
		{E7B1C95C-4930-4BE6-9887-562EC01CB38F}.Debug|Any CPU.Build.0 = Debug|Any CPU
		{E7B1C95C-4930-4BE6-9887-562EC01CB38F}.Release|Any CPU.ActiveCfg = Release|Any CPU
		{E7B1C95C-4930-4BE6-9887-562EC01CB38F}.Release|Any CPU.Build.0 = Release|Any CPU
	EndGlobalSection
	GlobalSection(SolutionProperties) = preSolution
		HideSolutionNode = FALSE
	EndGlobalSection
EndGlobal
